{
  "requires": true,
  "lockfileVersion": 1,
  "dependencies": {
    "types-for-adobe": {
      "version": "1.5.0",
      "resolved": "https://registry.npmjs.org/types-for-adobe/-/types-for-adobe-1.5.0.tgz",
      "integrity": "sha512-pxQnNhi3WX7MqV0xFpE32rOqEFovGNw22b95ThsqOQWMSxfaIEjjzZIlWLDs6ukp8q2a78xSfxrmvxMtZR/+kg=="
    }
  }
}
